// !$*UTF8*$!
{
	archiveVersion = 1;
	classes = {
	};
	objectVersion = 48;
	objects = {

/* Begin PBXBuildFile section */
		C705B0742045FD9D00F0E13D /* SkyBoxShader.frag in Resources */ = {isa = PBXBuildFile; fileRef = C705B0722045FD9D00F0E13D /* SkyBoxShader.frag */; };
		C705B0752045FD9D00F0E13D /* SkyBoxShader.vert in Resources */ = {isa = PBXBuildFile; fileRef = C705B0732045FD9D00F0E13D /* SkyBoxShader.vert */; };
		C705B08420460E1700F0E13D /* _ft.jpg in Resources */ = {isa = PBXBuildFile; fileRef = C705B07720460E1700F0E13D /* _ft.jpg */; };
		C705B08520460E1700F0E13D /* _dn.jpg in Resources */ = {isa = PBXBuildFile; fileRef = C705B07820460E1700F0E13D /* _dn.jpg */; };
		C705B08620460E1700F0E13D /* _rt.jpg in Resources */ = {isa = PBXBuildFile; fileRef = C705B07920460E1700F0E13D /* _rt.jpg */; };
		C705B08720460E1700F0E13D /* _bk.jpg in Resources */ = {isa = PBXBuildFile; fileRef = C705B07A20460E1700F0E13D /* _bk.jpg */; };
		C705B08820460E1700F0E13D /* _ft.jpg in Resources */ = {isa = PBXBuildFile; fileRef = C705B07C20460E1700F0E13D /* _ft.jpg */; };
		C705B08920460E1700F0E13D /* _dn.jpg in Resources */ = {isa = PBXBuildFile; fileRef = C705B07D20460E1700F0E13D /* _dn.jpg */; };
		C705B08A20460E1700F0E13D /* _rt.jpg in Resources */ = {isa = PBXBuildFile; fileRef = C705B07E20460E1700F0E13D /* _rt.jpg */; };
		C705B08B20460E1700F0E13D /* _bk.jpg in Resources */ = {isa = PBXBuildFile; fileRef = C705B07F20460E1700F0E13D /* _bk.jpg */; };
		C705B08C20460E1700F0E13D /* _lf.jpg in Resources */ = {isa = PBXBuildFile; fileRef = C705B08020460E1700F0E13D /* _lf.jpg */; };
		C705B08D20460E1700F0E13D /* _up.jpg in Resources */ = {isa = PBXBuildFile; fileRef = C705B08120460E1700F0E13D /* _up.jpg */; };
		C705B08E20460E1700F0E13D /* _lf.jpg in Resources */ = {isa = PBXBuildFile; fileRef = C705B08220460E1700F0E13D /* _lf.jpg */; };
		C705B08F20460E1700F0E13D /* _up.jpg in Resources */ = {isa = PBXBuildFile; fileRef = C705B08320460E1700F0E13D /* _up.jpg */; };
		C705B091204622CD00F0E13D /* Transform.cpp in Sources */ = {isa = PBXBuildFile; fileRef = C705B090204622CD00F0E13D /* Transform.cpp */; };
		C705B09320462E5000F0E13D /* Arial.ttf in Resources */ = {isa = PBXBuildFile; fileRef = C705B09220462E5000F0E13D /* Arial.ttf */; };
		C71466122046BC6E008BBBAA /* Candy Script.ttf in Resources */ = {isa = PBXBuildFile; fileRef = C71466112046BC6E008BBBAA /* Candy Script.ttf */; };
		C71466152046D694008BBBAA /* fontShader.vert in Resources */ = {isa = PBXBuildFile; fileRef = C71466132046D694008BBBAA /* fontShader.vert */; };
		C71466162046D694008BBBAA /* fontShader.frag in Resources */ = {isa = PBXBuildFile; fileRef = C71466142046D694008BBBAA /* fontShader.frag */; };
		C71D16842045C650002E2A43 /* Cocoa.framework in Frameworks */ = {isa = PBXBuildFile; fileRef = C77367752045A39000230B98 /* Cocoa.framework */; };
		C71D16882045C9BF002E2A43 /* HighResolutionTimer.cpp in Sources */ = {isa = PBXBuildFile; fileRef = C71D16872045C9BF002E2A43 /* HighResolutionTimer.cpp */; };
		C71D16892045CE48002E2A43 /* GameWindow.cpp in Sources */ = {isa = PBXBuildFile; fileRef = C7F6ED3C2045AC5D0038F48F /* GameWindow.cpp */; };
		C71D168A2045CE9E002E2A43 /* Game.cpp in Sources */ = {isa = PBXBuildFile; fileRef = C7F6ED3B2045AC5D0038F48F /* Game.cpp */; };
		C71D168D2045EBAC002E2A43 /* GameManager.cpp in Sources */ = {isa = PBXBuildFile; fileRef = C71D168B2045EBAC002E2A43 /* GameManager.cpp */; };
		C71D168E2045F554002E2A43 /* libstb.dylib in CopyFiles */ = {isa = PBXBuildFile; fileRef = C773678F2045AB3900230B98 /* libstb.dylib */; settings = {ATTRIBUTES = (CodeSignOnCopy, ); }; };
		C71D168F2045F554002E2A43 /* libfmod.dylib in CopyFiles */ = {isa = PBXBuildFile; fileRef = C773678C2045AA1100230B98 /* libfmod.dylib */; settings = {ATTRIBUTES = (CodeSignOnCopy, ); }; };
		C71D16902045F554002E2A43 /* libfmodL.dylib in CopyFiles */ = {isa = PBXBuildFile; fileRef = C773678B2045AA1100230B98 /* libfmodL.dylib */; settings = {ATTRIBUTES = (CodeSignOnCopy, ); }; };
		C71D16912045F554002E2A43 /* libfmodstudio.dylib in CopyFiles */ = {isa = PBXBuildFile; fileRef = C77367872045A94800230B98 /* libfmodstudio.dylib */; settings = {ATTRIBUTES = (CodeSignOnCopy, ); }; };
		C71D16922045F554002E2A43 /* libfmodstudioL.dylib in CopyFiles */ = {isa = PBXBuildFile; fileRef = C77367882045A94800230B98 /* libfmodstudioL.dylib */; settings = {ATTRIBUTES = (CodeSignOnCopy, ); }; };
		C71D16932045F554002E2A43 /* libassimp.4.1.0.dylib in CopyFiles */ = {isa = PBXBuildFile; fileRef = C773677C2045A72B00230B98 /* libassimp.4.1.0.dylib */; settings = {ATTRIBUTES = (CodeSignOnCopy, ); }; };
		C71D16942045F554002E2A43 /* libfreeimage.3.17.0.dylib in CopyFiles */ = {isa = PBXBuildFile; fileRef = C773677A2045A72B00230B98 /* libfreeimage.3.17.0.dylib */; settings = {ATTRIBUTES = (CodeSignOnCopy, ); }; };
		C71D16952045F554002E2A43 /* libfreeimageplus.3.17.0.dylib in CopyFiles */ = {isa = PBXBuildFile; fileRef = C773677D2045A72B00230B98 /* libfreeimageplus.3.17.0.dylib */; settings = {ATTRIBUTES = (CodeSignOnCopy, ); }; };
		C71D16962045F554002E2A43 /* libfreetype.6.dylib in CopyFiles */ = {isa = PBXBuildFile; fileRef = C773677B2045A72B00230B98 /* libfreetype.6.dylib */; settings = {ATTRIBUTES = (CodeSignOnCopy, ); }; };
		C71D16972045F554002E2A43 /* libGLEW.2.1.0.dylib in CopyFiles */ = {isa = PBXBuildFile; fileRef = C77367792045A72B00230B98 /* libGLEW.2.1.0.dylib */; settings = {ATTRIBUTES = (CodeSignOnCopy, ); }; };
		C71D16982045F554002E2A43 /* libglfw.3.2.dylib in CopyFiles */ = {isa = PBXBuildFile; fileRef = C773677E2045A72B00230B98 /* libglfw.3.2.dylib */; settings = {ATTRIBUTES = (CodeSignOnCopy, ); }; };
		C73BC3F5208A992500DE5457 /* OscillatorDSP.cpp in Sources */ = {isa = PBXBuildFile; fileRef = C73BC3F3208A992500DE5457 /* OscillatorDSP.cpp */; };
		C73BC3F8208A99DD00DE5457 /* FilterDSP.cpp in Sources */ = {isa = PBXBuildFile; fileRef = C73BC3F6208A99DD00DE5457 /* FilterDSP.cpp */; };
		C73BC3FB208A9A0A00DE5457 /* OcclusionDSP.cpp in Sources */ = {isa = PBXBuildFile; fileRef = C73BC3F9208A9A0A00DE5457 /* OcclusionDSP.cpp */; };
		C73BC3FD208A9AF000DE5457 /* DSPHelper.h in Sources */ = {isa = PBXBuildFile; fileRef = C73BC3FC208A9AF000DE5457 /* DSPHelper.h */; };
		C73BC400208AAF8E00DE5457 /* FIRConvolutionDSP.cpp in Sources */ = {isa = PBXBuildFile; fileRef = C73BC3FE208AAF8E00DE5457 /* FIRConvolutionDSP.cpp */; };
		C73EE4442069AF4C003CD8EC /* Horse.wav in Resources */ = {isa = PBXBuildFile; fileRef = C73EE4422069AF4B003CD8EC /* Horse.wav */; };
		C73EE4492069C349003CD8EC /* cw_amen12_137.wav in Resources */ = {isa = PBXBuildFile; fileRef = C73EE4462069C348003CD8EC /* cw_amen12_137.wav */; };
		C73EE44A2069C349003CD8EC /* drone.wav in Resources */ = {isa = PBXBuildFile; fileRef = C73EE4472069C348003CD8EC /* drone.wav */; };
		C73EE44B2069C349003CD8EC /* Helicopter.wav in Resources */ = {isa = PBXBuildFile; fileRef = C73EE4482069C349003CD8EC /* Helicopter.wav */; };
		C77367782045A39000230B98 /* OpenGL.framework in Frameworks */ = {isa = PBXBuildFile; fileRef = C77367762045A39000230B98 /* OpenGL.framework */; };
		C773677F2045A72B00230B98 /* libGLEW.2.1.0.dylib in Frameworks */ = {isa = PBXBuildFile; fileRef = C77367792045A72B00230B98 /* libGLEW.2.1.0.dylib */; };
		C77367802045A72B00230B98 /* libfreeimage.3.17.0.dylib in Frameworks */ = {isa = PBXBuildFile; fileRef = C773677A2045A72B00230B98 /* libfreeimage.3.17.0.dylib */; };
		C77367812045A72B00230B98 /* libfreetype.6.dylib in Frameworks */ = {isa = PBXBuildFile; fileRef = C773677B2045A72B00230B98 /* libfreetype.6.dylib */; };
		C77367822045A72B00230B98 /* libassimp.4.1.0.dylib in Frameworks */ = {isa = PBXBuildFile; fileRef = C773677C2045A72B00230B98 /* libassimp.4.1.0.dylib */; };
		C77367832045A72B00230B98 /* libfreeimageplus.3.17.0.dylib in Frameworks */ = {isa = PBXBuildFile; fileRef = C773677D2045A72B00230B98 /* libfreeimageplus.3.17.0.dylib */; };
		C77367842045A72B00230B98 /* libglfw.3.2.dylib in Frameworks */ = {isa = PBXBuildFile; fileRef = C773677E2045A72B00230B98 /* libglfw.3.2.dylib */; };
		C77367862045A7A700230B98 /* Common.h in Sources */ = {isa = PBXBuildFile; fileRef = C77367852045A75000230B98 /* Common.h */; };
		C77367892045A94800230B98 /* libfmodstudio.dylib in Frameworks */ = {isa = PBXBuildFile; fileRef = C77367872045A94800230B98 /* libfmodstudio.dylib */; };
		C773678A2045A94800230B98 /* libfmodstudioL.dylib in Frameworks */ = {isa = PBXBuildFile; fileRef = C77367882045A94800230B98 /* libfmodstudioL.dylib */; };
		C773678D2045AA1100230B98 /* libfmodL.dylib in Frameworks */ = {isa = PBXBuildFile; fileRef = C773678B2045AA1100230B98 /* libfmodL.dylib */; };
		C773678E2045AA1100230B98 /* libfmod.dylib in Frameworks */ = {isa = PBXBuildFile; fileRef = C773678C2045AA1100230B98 /* libfmod.dylib */; };
		C77367902045AB3900230B98 /* libstb.dylib in Frameworks */ = {isa = PBXBuildFile; fileRef = C773678F2045AB3900230B98 /* libstb.dylib */; };
		C77A66C820837DB0003D3BE2 /* CircularBuffer.cpp in Sources */ = {isa = PBXBuildFile; fileRef = C77A66C620837DB0003D3BE2 /* CircularBuffer.cpp */; };
		C77CCE5D2045A03800F3C942 /* main.cpp in Sources */ = {isa = PBXBuildFile; fileRef = C77CCE5C2045A03800F3C942 /* main.cpp */; };
		C79B915E2046392200648C5F /* GLUT.framework in Frameworks */ = {isa = PBXBuildFile; fileRef = C79B915D2046392200648C5F /* GLUT.framework */; };
		C7F6ED3F2045AC5E0038F48F /* Shaders.cpp in Sources */ = {isa = PBXBuildFile; fileRef = C7F6ED012045AC5B0038F48F /* Shaders.cpp */; };
		C7F6ED402045AC5E0038F48F /* OpenAssetImportMesh.cpp in Sources */ = {isa = PBXBuildFile; fileRef = C7F6ED022045AC5B0038F48F /* OpenAssetImportMesh.cpp */; };
		C7F6ED412045AC5E0038F48F /* Texture.cpp in Sources */ = {isa = PBXBuildFile; fileRef = C7F6ED032045AC5B0038F48F /* Texture.cpp */; };
		C7F6ED422045AC5E0038F48F /* Plane.cpp in Sources */ = {isa = PBXBuildFile; fileRef = C7F6ED042045AC5B0038F48F /* Plane.cpp */; };
		C7F6ED432045AC5E0038F48F /* FreeTypeFont.cpp in Sources */ = {isa = PBXBuildFile; fileRef = C7F6ED052045AC5B0038F48F /* FreeTypeFont.cpp */; };
		C7F6ED442045AC5E0038F48F /* Skybox.cpp in Sources */ = {isa = PBXBuildFile; fileRef = C7F6ED082045AC5C0038F48F /* Skybox.cpp */; };
		C7F6ED452045AC5E0038F48F /* Cubemap.cpp in Sources */ = {isa = PBXBuildFile; fileRef = C7F6ED092045AC5C0038F48F /* Cubemap.cpp */; };
		C7F6ED462045AC5E0038F48F /* VertexBufferObject.cpp in Sources */ = {isa = PBXBuildFile; fileRef = C7F6ED0A2045AC5C0038F48F /* VertexBufferObject.cpp */; };
		C7F6ED472045AC5E0038F48F /* VertexBufferObjectIndexed.cpp in Sources */ = {isa = PBXBuildFile; fileRef = C7F6ED0D2045AC5C0038F48F /* VertexBufferObjectIndexed.cpp */; };
		C7F6ED4A2045AC5E0038F48F /* Camera.cpp in Sources */ = {isa = PBXBuildFile; fileRef = C7F6ED142045AC5D0038F48F /* Camera.cpp */; };
		C7F6ED4D2045AC5E0038F48F /* Sphere.cpp in Sources */ = {isa = PBXBuildFile; fileRef = C7F6ED3E2045AC5D0038F48F /* Sphere.cpp */; };
/* End PBXBuildFile section */

/* Begin PBXCopyFilesBuildPhase section */
		C77CCE572045A03800F3C942 /* CopyFiles */ = {
			isa = PBXCopyFilesBuildPhase;
			buildActionMask = 12;
			dstPath = "";
			dstSubfolderSpec = 11;
			files = (
				C71D168E2045F554002E2A43 /* libstb.dylib in CopyFiles */,
				C71D168F2045F554002E2A43 /* libfmod.dylib in CopyFiles */,
				C71D16902045F554002E2A43 /* libfmodL.dylib in CopyFiles */,
				C71D16912045F554002E2A43 /* libfmodstudio.dylib in CopyFiles */,
				C71D16922045F554002E2A43 /* libfmodstudioL.dylib in CopyFiles */,
				C71D16932045F554002E2A43 /* libassimp.4.1.0.dylib in CopyFiles */,
				C71D16942045F554002E2A43 /* libfreeimage.3.17.0.dylib in CopyFiles */,
				C71D16952045F554002E2A43 /* libfreeimageplus.3.17.0.dylib in CopyFiles */,
				C71D16962045F554002E2A43 /* libfreetype.6.dylib in CopyFiles */,
				C71D16972045F554002E2A43 /* libGLEW.2.1.0.dylib in CopyFiles */,
				C71D16982045F554002E2A43 /* libglfw.3.2.dylib in CopyFiles */,
			);
			runOnlyForDeploymentPostprocessing = 0;
		};
/* End PBXCopyFilesBuildPhase section */

/* Begin PBXFileReference section */
		C705B0712045FC4200F0E13D /* Transform.h */ = {isa = PBXFileReference; fileEncoding = 4; lastKnownFileType = sourcecode.c.h; path = Transform.h; sourceTree = "<group>"; };
		C705B0722045FD9D00F0E13D /* SkyBoxShader.frag */ = {isa = PBXFileReference; fileEncoding = 4; lastKnownFileType = sourcecode.glsl; path = SkyBoxShader.frag; sourceTree = "<group>"; };
		C705B0732045FD9D00F0E13D /* SkyBoxShader.vert */ = {isa = PBXFileReference; fileEncoding = 4; lastKnownFileType = sourcecode.glsl; path = SkyBoxShader.vert; sourceTree = "<group>"; };
		C705B07720460E1700F0E13D /* _ft.jpg */ = {isa = PBXFileReference; lastKnownFileType = image.jpeg; path = _ft.jpg; sourceTree = "<group>"; };
		C705B07820460E1700F0E13D /* _dn.jpg */ = {isa = PBXFileReference; lastKnownFileType = image.jpeg; path = _dn.jpg; sourceTree = "<group>"; };
		C705B07920460E1700F0E13D /* _rt.jpg */ = {isa = PBXFileReference; lastKnownFileType = image.jpeg; path = _rt.jpg; sourceTree = "<group>"; };
		C705B07A20460E1700F0E13D /* _bk.jpg */ = {isa = PBXFileReference; lastKnownFileType = image.jpeg; path = _bk.jpg; sourceTree = "<group>"; };
		C705B07C20460E1700F0E13D /* _ft.jpg */ = {isa = PBXFileReference; lastKnownFileType = image.jpeg; path = _ft.jpg; sourceTree = "<group>"; };
		C705B07D20460E1700F0E13D /* _dn.jpg */ = {isa = PBXFileReference; lastKnownFileType = image.jpeg; path = _dn.jpg; sourceTree = "<group>"; };
		C705B07E20460E1700F0E13D /* _rt.jpg */ = {isa = PBXFileReference; lastKnownFileType = image.jpeg; path = _rt.jpg; sourceTree = "<group>"; };
		C705B07F20460E1700F0E13D /* _bk.jpg */ = {isa = PBXFileReference; lastKnownFileType = image.jpeg; path = _bk.jpg; sourceTree = "<group>"; };
		C705B08020460E1700F0E13D /* _lf.jpg */ = {isa = PBXFileReference; lastKnownFileType = image.jpeg; path = _lf.jpg; sourceTree = "<group>"; };
		C705B08120460E1700F0E13D /* _up.jpg */ = {isa = PBXFileReference; lastKnownFileType = image.jpeg; path = _up.jpg; sourceTree = "<group>"; };
		C705B08220460E1700F0E13D /* _lf.jpg */ = {isa = PBXFileReference; lastKnownFileType = image.jpeg; path = _lf.jpg; sourceTree = "<group>"; };
		C705B08320460E1700F0E13D /* _up.jpg */ = {isa = PBXFileReference; lastKnownFileType = image.jpeg; path = _up.jpg; sourceTree = "<group>"; };
		C705B090204622CD00F0E13D /* Transform.cpp */ = {isa = PBXFileReference; lastKnownFileType = sourcecode.cpp.cpp; path = Transform.cpp; sourceTree = "<group>"; };
		C705B09220462E5000F0E13D /* Arial.ttf */ = {isa = PBXFileReference; lastKnownFileType = file; path = Arial.ttf; sourceTree = "<group>"; };
		C71466112046BC6E008BBBAA /* Candy Script.ttf */ = {isa = PBXFileReference; lastKnownFileType = file; path = "Candy Script.ttf"; sourceTree = "<group>"; };
		C71466132046D694008BBBAA /* fontShader.vert */ = {isa = PBXFileReference; fileEncoding = 4; lastKnownFileType = sourcecode.glsl; path = fontShader.vert; sourceTree = "<group>"; };
		C71466142046D694008BBBAA /* fontShader.frag */ = {isa = PBXFileReference; fileEncoding = 4; lastKnownFileType = sourcecode.glsl; path = fontShader.frag; sourceTree = "<group>"; };
		C71D16862045C9BF002E2A43 /* HighResolutionTimer.h */ = {isa = PBXFileReference; fileEncoding = 4; lastKnownFileType = sourcecode.c.h; path = HighResolutionTimer.h; sourceTree = "<group>"; };
		C71D16872045C9BF002E2A43 /* HighResolutionTimer.cpp */ = {isa = PBXFileReference; fileEncoding = 4; lastKnownFileType = sourcecode.cpp.cpp; path = HighResolutionTimer.cpp; sourceTree = "<group>"; };
		C71D168B2045EBAC002E2A43 /* GameManager.cpp */ = {isa = PBXFileReference; fileEncoding = 4; lastKnownFileType = sourcecode.cpp.cpp; path = GameManager.cpp; sourceTree = "<group>"; };
		C71D168C2045EBAC002E2A43 /* GameManager.h */ = {isa = PBXFileReference; fileEncoding = 4; lastKnownFileType = sourcecode.c.h; path = GameManager.h; sourceTree = "<group>"; };
		C73BC3F3208A992500DE5457 /* OscillatorDSP.cpp */ = {isa = PBXFileReference; lastKnownFileType = sourcecode.cpp.cpp; path = OscillatorDSP.cpp; sourceTree = "<group>"; };
		C73BC3F4208A992500DE5457 /* OscillatorDSP.h */ = {isa = PBXFileReference; lastKnownFileType = sourcecode.c.h; path = OscillatorDSP.h; sourceTree = "<group>"; };
		C73BC3F6208A99DD00DE5457 /* FilterDSP.cpp */ = {isa = PBXFileReference; lastKnownFileType = sourcecode.cpp.cpp; path = FilterDSP.cpp; sourceTree = "<group>"; };
		C73BC3F7208A99DD00DE5457 /* FilterDSP.h */ = {isa = PBXFileReference; lastKnownFileType = sourcecode.c.h; path = FilterDSP.h; sourceTree = "<group>"; };
		C73BC3F9208A9A0A00DE5457 /* OcclusionDSP.cpp */ = {isa = PBXFileReference; lastKnownFileType = sourcecode.cpp.cpp; path = OcclusionDSP.cpp; sourceTree = "<group>"; };
		C73BC3FA208A9A0A00DE5457 /* OcclusionDSP.h */ = {isa = PBXFileReference; lastKnownFileType = sourcecode.c.h; path = OcclusionDSP.h; sourceTree = "<group>"; };
		C73BC3FC208A9AF000DE5457 /* DSPHelper.h */ = {isa = PBXFileReference; lastKnownFileType = sourcecode.c.h; path = DSPHelper.h; sourceTree = "<group>"; };
		C73BC3FE208AAF8E00DE5457 /* FIRConvolutionDSP.cpp */ = {isa = PBXFileReference; lastKnownFileType = sourcecode.cpp.cpp; path = FIRConvolutionDSP.cpp; sourceTree = "<group>"; };
		C73BC3FF208AAF8E00DE5457 /* FIRConvolutionDSP.h */ = {isa = PBXFileReference; lastKnownFileType = sourcecode.c.h; path = FIRConvolutionDSP.h; sourceTree = "<group>"; };
		C73EE4422069AF4B003CD8EC /* Horse.wav */ = {isa = PBXFileReference; lastKnownFileType = audio.wav; path = Horse.wav; sourceTree = "<group>"; };
		C73EE4462069C348003CD8EC /* cw_amen12_137.wav */ = {isa = PBXFileReference; lastKnownFileType = audio.wav; path = cw_amen12_137.wav; sourceTree = "<group>"; };
		C73EE4472069C348003CD8EC /* drone.wav */ = {isa = PBXFileReference; lastKnownFileType = audio.wav; path = drone.wav; sourceTree = "<group>"; };
		C73EE4482069C349003CD8EC /* Helicopter.wav */ = {isa = PBXFileReference; lastKnownFileType = audio.wav; path = Helicopter.wav; sourceTree = "<group>"; };
		C73EE44C2069CCF3003CD8EC /* Extensions.h */ = {isa = PBXFileReference; fileEncoding = 4; lastKnownFileType = sourcecode.c.h; path = Extensions.h; sourceTree = "<group>"; };
		C77367752045A39000230B98 /* Cocoa.framework */ = {isa = PBXFileReference; lastKnownFileType = wrapper.framework; name = Cocoa.framework; path = System/Library/Frameworks/Cocoa.framework; sourceTree = SDKROOT; };
		C77367762045A39000230B98 /* OpenGL.framework */ = {isa = PBXFileReference; lastKnownFileType = wrapper.framework; name = OpenGL.framework; path = System/Library/Frameworks/OpenGL.framework; sourceTree = SDKROOT; };
		C77367792045A72B00230B98 /* libGLEW.2.1.0.dylib */ = {isa = PBXFileReference; lastKnownFileType = "compiled.mach-o.dylib"; name = libGLEW.2.1.0.dylib; path = Libraries/libGLEW.2.1.0.dylib; sourceTree = "<group>"; };
		C773677A2045A72B00230B98 /* libfreeimage.3.17.0.dylib */ = {isa = PBXFileReference; lastKnownFileType = "compiled.mach-o.dylib"; name = libfreeimage.3.17.0.dylib; path = Libraries/libfreeimage.3.17.0.dylib; sourceTree = "<group>"; };
		C773677B2045A72B00230B98 /* libfreetype.6.dylib */ = {isa = PBXFileReference; lastKnownFileType = "compiled.mach-o.dylib"; name = libfreetype.6.dylib; path = Libraries/libfreetype.6.dylib; sourceTree = "<group>"; };
		C773677C2045A72B00230B98 /* libassimp.4.1.0.dylib */ = {isa = PBXFileReference; lastKnownFileType = "compiled.mach-o.dylib"; name = libassimp.4.1.0.dylib; path = Libraries/libassimp.4.1.0.dylib; sourceTree = "<group>"; };
		C773677D2045A72B00230B98 /* libfreeimageplus.3.17.0.dylib */ = {isa = PBXFileReference; lastKnownFileType = "compiled.mach-o.dylib"; name = libfreeimageplus.3.17.0.dylib; path = Libraries/libfreeimageplus.3.17.0.dylib; sourceTree = "<group>"; };
		C773677E2045A72B00230B98 /* libglfw.3.2.dylib */ = {isa = PBXFileReference; lastKnownFileType = "compiled.mach-o.dylib"; name = libglfw.3.2.dylib; path = Libraries/libglfw.3.2.dylib; sourceTree = "<group>"; };
		C77367852045A75000230B98 /* Common.h */ = {isa = PBXFileReference; lastKnownFileType = sourcecode.c.h; path = Common.h; sourceTree = "<group>"; };
		C77367872045A94800230B98 /* libfmodstudio.dylib */ = {isa = PBXFileReference; lastKnownFileType = "compiled.mach-o.dylib"; name = libfmodstudio.dylib; path = Libraries/libfmodstudio.dylib; sourceTree = "<group>"; };
		C77367882045A94800230B98 /* libfmodstudioL.dylib */ = {isa = PBXFileReference; lastKnownFileType = "compiled.mach-o.dylib"; name = libfmodstudioL.dylib; path = Libraries/libfmodstudioL.dylib; sourceTree = "<group>"; };
		C773678B2045AA1100230B98 /* libfmodL.dylib */ = {isa = PBXFileReference; lastKnownFileType = "compiled.mach-o.dylib"; name = libfmodL.dylib; path = Libraries/libfmodL.dylib; sourceTree = "<group>"; };
		C773678C2045AA1100230B98 /* libfmod.dylib */ = {isa = PBXFileReference; lastKnownFileType = "compiled.mach-o.dylib"; name = libfmod.dylib; path = Libraries/libfmod.dylib; sourceTree = "<group>"; };
		C773678F2045AB3900230B98 /* libstb.dylib */ = {isa = PBXFileReference; lastKnownFileType = "compiled.mach-o.dylib"; name = libstb.dylib; path = Libraries/libstb.dylib; sourceTree = "<group>"; };
		C77A66C620837DB0003D3BE2 /* CircularBuffer.cpp */ = {isa = PBXFileReference; lastKnownFileType = sourcecode.cpp.cpp; path = CircularBuffer.cpp; sourceTree = "<group>"; };
		C77A66C720837DB0003D3BE2 /* CircularBuffer.h */ = {isa = PBXFileReference; lastKnownFileType = sourcecode.c.h; path = CircularBuffer.h; sourceTree = "<group>"; };
		C77CCE592045A03800F3C942 /* OpenGL_DSP */ = {isa = PBXFileReference; explicitFileType = "compiled.mach-o.executable"; includeInIndex = 0; path = OpenGL_DSP; sourceTree = BUILT_PRODUCTS_DIR; };
		C77CCE5C2045A03800F3C942 /* main.cpp */ = {isa = PBXFileReference; lastKnownFileType = sourcecode.cpp.cpp; path = main.cpp; sourceTree = "<group>"; };
		C79B915D2046392200648C5F /* GLUT.framework */ = {isa = PBXFileReference; lastKnownFileType = wrapper.framework; name = GLUT.framework; path = System/Library/Frameworks/GLUT.framework; sourceTree = SDKROOT; };
		C7F6ECFB2045AC5B0038F48F /* Cubemap.h */ = {isa = PBXFileReference; fileEncoding = 4; lastKnownFileType = sourcecode.c.h; path = Cubemap.h; sourceTree = "<group>"; };
		C7F6ECFC2045AC5B0038F48F /* Skybox.h */ = {isa = PBXFileReference; fileEncoding = 4; lastKnownFileType = sourcecode.c.h; path = Skybox.h; sourceTree = "<group>"; };
		C7F6ECFE2045AC5B0038F48F /* Game.h */ = {isa = PBXFileReference; fileEncoding = 4; lastKnownFileType = sourcecode.c.h; path = Game.h; sourceTree = "<group>"; };
		C7F6ECFF2045AC5B0038F48F /* Texture.h */ = {isa = PBXFileReference; fileEncoding = 4; lastKnownFileType = sourcecode.c.h; path = Texture.h; sourceTree = "<group>"; };
		C7F6ED002045AC5B0038F48F /* GameWindow.h */ = {isa = PBXFileReference; fileEncoding = 4; lastKnownFileType = sourcecode.c.h; path = GameWindow.h; sourceTree = "<group>"; };
		C7F6ED012045AC5B0038F48F /* Shaders.cpp */ = {isa = PBXFileReference; fileEncoding = 4; lastKnownFileType = sourcecode.cpp.cpp; path = Shaders.cpp; sourceTree = "<group>"; };
		C7F6ED022045AC5B0038F48F /* OpenAssetImportMesh.cpp */ = {isa = PBXFileReference; fileEncoding = 4; lastKnownFileType = sourcecode.cpp.cpp; path = OpenAssetImportMesh.cpp; sourceTree = "<group>"; };
		C7F6ED032045AC5B0038F48F /* Texture.cpp */ = {isa = PBXFileReference; fileEncoding = 4; lastKnownFileType = sourcecode.cpp.cpp; path = Texture.cpp; sourceTree = "<group>"; };
		C7F6ED042045AC5B0038F48F /* Plane.cpp */ = {isa = PBXFileReference; fileEncoding = 4; lastKnownFileType = sourcecode.cpp.cpp; path = Plane.cpp; sourceTree = "<group>"; };
		C7F6ED052045AC5B0038F48F /* FreeTypeFont.cpp */ = {isa = PBXFileReference; fileEncoding = 4; lastKnownFileType = sourcecode.cpp.cpp; path = FreeTypeFont.cpp; sourceTree = "<group>"; };
		C7F6ED062045AC5B0038F48F /* Sphere.h */ = {isa = PBXFileReference; fileEncoding = 4; lastKnownFileType = sourcecode.c.h; path = Sphere.h; sourceTree = "<group>"; };
		C7F6ED072045AC5B0038F48F /* Plane.h */ = {isa = PBXFileReference; fileEncoding = 4; lastKnownFileType = sourcecode.c.h; path = Plane.h; sourceTree = "<group>"; };
		C7F6ED082045AC5C0038F48F /* Skybox.cpp */ = {isa = PBXFileReference; fileEncoding = 4; lastKnownFileType = sourcecode.cpp.cpp; path = Skybox.cpp; sourceTree = "<group>"; };
		C7F6ED092045AC5C0038F48F /* Cubemap.cpp */ = {isa = PBXFileReference; fileEncoding = 4; lastKnownFileType = sourcecode.cpp.cpp; path = Cubemap.cpp; sourceTree = "<group>"; };
		C7F6ED0A2045AC5C0038F48F /* VertexBufferObject.cpp */ = {isa = PBXFileReference; fileEncoding = 4; lastKnownFileType = sourcecode.cpp.cpp; path = VertexBufferObject.cpp; sourceTree = "<group>"; };
		C7F6ED0B2045AC5C0038F48F /* Camera.h */ = {isa = PBXFileReference; fileEncoding = 4; lastKnownFileType = sourcecode.c.h; path = Camera.h; sourceTree = "<group>"; };
		C7F6ED0C2045AC5C0038F48F /* FreeTypeFont.h */ = {isa = PBXFileReference; fileEncoding = 4; lastKnownFileType = sourcecode.c.h; path = FreeTypeFont.h; sourceTree = "<group>"; };
		C7F6ED0D2045AC5C0038F48F /* VertexBufferObjectIndexed.cpp */ = {isa = PBXFileReference; fileEncoding = 4; lastKnownFileType = sourcecode.cpp.cpp; path = VertexBufferObjectIndexed.cpp; sourceTree = "<group>"; };
		C7F6ED0F2045AC5C0038F48F /* VertexBufferObjectIndexed.h */ = {isa = PBXFileReference; fileEncoding = 4; lastKnownFileType = sourcecode.c.h; path = VertexBufferObjectIndexed.h; sourceTree = "<group>"; };
		C7F6ED102045AC5C0038F48F /* VertexBufferObject.h */ = {isa = PBXFileReference; fileEncoding = 4; lastKnownFileType = sourcecode.c.h; path = VertexBufferObject.h; sourceTree = "<group>"; };
		C7F6ED122045AC5C0038F48F /* Shaders.h */ = {isa = PBXFileReference; fileEncoding = 4; lastKnownFileType = sourcecode.c.h; path = Shaders.h; sourceTree = "<group>"; };
		C7F6ED132045AC5D0038F48F /* OpenAssetImportMesh.h */ = {isa = PBXFileReference; fileEncoding = 4; lastKnownFileType = sourcecode.c.h; path = OpenAssetImportMesh.h; sourceTree = "<group>"; };
		C7F6ED142045AC5D0038F48F /* Camera.cpp */ = {isa = PBXFileReference; fileEncoding = 4; lastKnownFileType = sourcecode.cpp.cpp; path = Camera.cpp; sourceTree = "<group>"; };
		C7F6ED172045AC5D0038F48F /* dirtpile01.jpg */ = {isa = PBXFileReference; lastKnownFileType = image.jpeg; path = dirtpile01.jpg; sourceTree = "<group>"; };
		C7F6ED182045AC5D0038F48F /* Tile41a.jpg */ = {isa = PBXFileReference; lastKnownFileType = image.jpeg; path = Tile41a.jpg; sourceTree = "<group>"; };
		C7F6ED192045AC5D0038F48F /* grassfloor01.jpg */ = {isa = PBXFileReference; lastKnownFileType = image.jpeg; path = grassfloor01.jpg; sourceTree = "<group>"; };
		C7F6ED242045AC5D0038F48F /* Boing.wav */ = {isa = PBXFileReference; lastKnownFileType = audio.wav; path = Boing.wav; sourceTree = "<group>"; };
		C7F6ED252045AC5D0038F48F /* DST-Garote.mp3 */ = {isa = PBXFileReference; lastKnownFileType = audio.mp3; path = "DST-Garote.mp3"; sourceTree = "<group>"; };
		C7F6ED272045AC5D0038F48F /* textShader.frag */ = {isa = PBXFileReference; fileEncoding = 4; lastKnownFileType = sourcecode.glsl; path = textShader.frag; sourceTree = "<group>"; };
		C7F6ED282045AC5D0038F48F /* mainShader.frag */ = {isa = PBXFileReference; fileEncoding = 4; lastKnownFileType = sourcecode.glsl; path = mainShader.frag; sourceTree = "<group>"; };
		C7F6ED292045AC5D0038F48F /* mainShader.vert */ = {isa = PBXFileReference; fileEncoding = 4; lastKnownFileType = sourcecode.glsl; path = mainShader.vert; sourceTree = "<group>"; };
		C7F6ED2A2045AC5D0038F48F /* textShader.vert */ = {isa = PBXFileReference; fileEncoding = 4; lastKnownFileType = sourcecode.glsl; path = textShader.vert; sourceTree = "<group>"; };
		C7F6ED3B2045AC5D0038F48F /* Game.cpp */ = {isa = PBXFileReference; fileEncoding = 4; lastKnownFileType = sourcecode.cpp.cpp; path = Game.cpp; sourceTree = "<group>"; };
		C7F6ED3C2045AC5D0038F48F /* GameWindow.cpp */ = {isa = PBXFileReference; fileEncoding = 4; lastKnownFileType = sourcecode.cpp.cpp; path = GameWindow.cpp; sourceTree = "<group>"; };
		C7F6ED3E2045AC5D0038F48F /* Sphere.cpp */ = {isa = PBXFileReference; fileEncoding = 4; lastKnownFileType = sourcecode.cpp.cpp; path = Sphere.cpp; sourceTree = "<group>"; };
/* End PBXFileReference section */

/* Begin PBXFrameworksBuildPhase section */
		C77CCE562045A03800F3C942 /* Frameworks */ = {
			isa = PBXFrameworksBuildPhase;
			buildActionMask = 2147483647;
			files = (
				C77367902045AB3900230B98 /* libstb.dylib in Frameworks */,
				C773678D2045AA1100230B98 /* libfmodL.dylib in Frameworks */,
				C773678E2045AA1100230B98 /* libfmod.dylib in Frameworks */,
				C77367892045A94800230B98 /* libfmodstudio.dylib in Frameworks */,
				C773678A2045A94800230B98 /* libfmodstudioL.dylib in Frameworks */,
				C773677F2045A72B00230B98 /* libGLEW.2.1.0.dylib in Frameworks */,
				C77367802045A72B00230B98 /* libfreeimage.3.17.0.dylib in Frameworks */,
				C77367812045A72B00230B98 /* libfreetype.6.dylib in Frameworks */,
				C77367822045A72B00230B98 /* libassimp.4.1.0.dylib in Frameworks */,
				C77367832045A72B00230B98 /* libfreeimageplus.3.17.0.dylib in Frameworks */,
				C77367842045A72B00230B98 /* libglfw.3.2.dylib in Frameworks */,
				C71D16842045C650002E2A43 /* Cocoa.framework in Frameworks */,
				C79B915E2046392200648C5F /* GLUT.framework in Frameworks */,
				C77367782045A39000230B98 /* OpenGL.framework in Frameworks */,
			);
			runOnlyForDeploymentPostprocessing = 0;
		};
/* End PBXFrameworksBuildPhase section */

/* Begin PBXGroup section */
		C705B07620460E1700F0E13D /* darkland */ = {
			isa = PBXGroup;
			children = (
				C705B07720460E1700F0E13D /* _ft.jpg */,
				C705B07820460E1700F0E13D /* _dn.jpg */,
				C705B07920460E1700F0E13D /* _rt.jpg */,
				C705B07A20460E1700F0E13D /* _bk.jpg */,
				C705B07B20460E1700F0E13D /* flipped */,
				C705B08220460E1700F0E13D /* _lf.jpg */,
				C705B08320460E1700F0E13D /* _up.jpg */,
			);
			path = darkland;
			sourceTree = "<group>";
		};
		C705B07B20460E1700F0E13D /* flipped */ = {
			isa = PBXGroup;
			children = (
				C705B07C20460E1700F0E13D /* _ft.jpg */,
				C705B07D20460E1700F0E13D /* _dn.jpg */,
				C705B07E20460E1700F0E13D /* _rt.jpg */,
				C705B07F20460E1700F0E13D /* _bk.jpg */,
				C705B08020460E1700F0E13D /* _lf.jpg */,
				C705B08120460E1700F0E13D /* _up.jpg */,
			);
			path = flipped;
			sourceTree = "<group>";
		};
		C73BC3F2208A98CB00DE5457 /* DSP */ = {
			isa = PBXGroup;
			children = (
				C73BC3FC208A9AF000DE5457 /* DSPHelper.h */,
				C73BC3F3208A992500DE5457 /* OscillatorDSP.cpp */,
				C73BC3F4208A992500DE5457 /* OscillatorDSP.h */,
				C73BC3F6208A99DD00DE5457 /* FilterDSP.cpp */,
				C73BC3F7208A99DD00DE5457 /* FilterDSP.h */,
				C73BC3F9208A9A0A00DE5457 /* OcclusionDSP.cpp */,
				C73BC3FA208A9A0A00DE5457 /* OcclusionDSP.h */,
				C73BC3FE208AAF8E00DE5457 /* FIRConvolutionDSP.cpp */,
				C73BC3FF208AAF8E00DE5457 /* FIRConvolutionDSP.h */,
			);
			path = DSP;
			sourceTree = "<group>";
		};
		C77367742045A39000230B98 /* Frameworks */ = {
			isa = PBXGroup;
			children = (
				C79B915D2046392200648C5F /* GLUT.framework */,
				C773678F2045AB3900230B98 /* libstb.dylib */,
				C773678C2045AA1100230B98 /* libfmod.dylib */,
				C773678B2045AA1100230B98 /* libfmodL.dylib */,
				C77367872045A94800230B98 /* libfmodstudio.dylib */,
				C77367882045A94800230B98 /* libfmodstudioL.dylib */,
				C773677C2045A72B00230B98 /* libassimp.4.1.0.dylib */,
				C773677A2045A72B00230B98 /* libfreeimage.3.17.0.dylib */,
				C773677D2045A72B00230B98 /* libfreeimageplus.3.17.0.dylib */,
				C773677B2045A72B00230B98 /* libfreetype.6.dylib */,
				C77367792045A72B00230B98 /* libGLEW.2.1.0.dylib */,
				C773677E2045A72B00230B98 /* libglfw.3.2.dylib */,
				C77367752045A39000230B98 /* Cocoa.framework */,
				C77367762045A39000230B98 /* OpenGL.framework */,
			);
			name = Frameworks;
			sourceTree = "<group>";
		};
		C77CCE502045A03800F3C942 = {
			isa = PBXGroup;
			children = (
				C77CCE5B2045A03800F3C942 /* OpenGL_DSP */,
				C77CCE5A2045A03800F3C942 /* Products */,
				C77367742045A39000230B98 /* Frameworks */,
			);
			sourceTree = "<group>";
		};
		C77CCE5A2045A03800F3C942 /* Products */ = {
			isa = PBXGroup;
			children = (
				C77CCE592045A03800F3C942 /* OpenGL_DSP */,
			);
			name = Products;
			sourceTree = "<group>";
		};
		C77CCE5B2045A03800F3C942 /* OpenGL_DSP */ = {
			isa = PBXGroup;
			children = (
				C73BC3F2208A98CB00DE5457 /* DSP */,
				C73EE44C2069CCF3003CD8EC /* Extensions.h */,
				C705B090204622CD00F0E13D /* Transform.cpp */,
				C705B0712045FC4200F0E13D /* Transform.h */,
				C71D168B2045EBAC002E2A43 /* GameManager.cpp */,
				C71D168C2045EBAC002E2A43 /* GameManager.h */,
				C71D16872045C9BF002E2A43 /* HighResolutionTimer.cpp */,
				C71D16862045C9BF002E2A43 /* HighResolutionTimer.h */,
				C77A66C620837DB0003D3BE2 /* CircularBuffer.cpp */,
				C77A66C720837DB0003D3BE2 /* CircularBuffer.h */,
				C7F6ED142045AC5D0038F48F /* Camera.cpp */,
				C7F6ED0B2045AC5C0038F48F /* Camera.h */,
				C7F6ED092045AC5C0038F48F /* Cubemap.cpp */,
				C7F6ECFB2045AC5B0038F48F /* Cubemap.h */,
				C7F6ED052045AC5B0038F48F /* FreeTypeFont.cpp */,
				C7F6ED0C2045AC5C0038F48F /* FreeTypeFont.h */,
				C7F6ED3B2045AC5D0038F48F /* Game.cpp */,
				C7F6ECFE2045AC5B0038F48F /* Game.h */,
				C7F6ED3C2045AC5D0038F48F /* GameWindow.cpp */,
				C7F6ED002045AC5B0038F48F /* GameWindow.h */,
				C7F6ED022045AC5B0038F48F /* OpenAssetImportMesh.cpp */,
				C7F6ED132045AC5D0038F48F /* OpenAssetImportMesh.h */,
				C7F6ED042045AC5B0038F48F /* Plane.cpp */,
				C7F6ED072045AC5B0038F48F /* Plane.h */,
				C7F6ED152045AC5D0038F48F /* resources */,
				C7F6ED012045AC5B0038F48F /* Shaders.cpp */,
				C7F6ED122045AC5C0038F48F /* Shaders.h */,
				C7F6ED082045AC5C0038F48F /* Skybox.cpp */,
				C7F6ECFC2045AC5B0038F48F /* Skybox.h */,
				C7F6ED3E2045AC5D0038F48F /* Sphere.cpp */,
				C7F6ED062045AC5B0038F48F /* Sphere.h */,
				C7F6ED032045AC5B0038F48F /* Texture.cpp */,
				C7F6ECFF2045AC5B0038F48F /* Texture.h */,
				C7F6ED0A2045AC5C0038F48F /* VertexBufferObject.cpp */,
				C7F6ED102045AC5C0038F48F /* VertexBufferObject.h */,
				C7F6ED0D2045AC5C0038F48F /* VertexBufferObjectIndexed.cpp */,
				C7F6ED0F2045AC5C0038F48F /* VertexBufferObjectIndexed.h */,
				C77367852045A75000230B98 /* Common.h */,
				C77CCE5C2045A03800F3C942 /* main.cpp */,
			);
			path = OpenGL_DSP;
			sourceTree = "<group>";
		};
		C7F6ED152045AC5D0038F48F /* resources */ = {
			isa = PBXGroup;
			children = (
				C7F6ED162045AC5D0038F48F /* textures */,
				C7F6ED1A2045AC5D0038F48F /* models */,
				C7F6ED232045AC5D0038F48F /* audio */,
				C7F6ED262045AC5D0038F48F /* shaders */,
				C7F6ED2B2045AC5D0038F48F /* skyboxes */,
				C7F6ED3A2045AC5D0038F48F /* fonts */,
			);
			path = resources;
			sourceTree = "<group>";
		};
		C7F6ED162045AC5D0038F48F /* textures */ = {
			isa = PBXGroup;
			children = (
				C7F6ED172045AC5D0038F48F /* dirtpile01.jpg */,
				C7F6ED182045AC5D0038F48F /* Tile41a.jpg */,
				C7F6ED192045AC5D0038F48F /* grassfloor01.jpg */,
			);
			path = textures;
			sourceTree = "<group>";
		};
		C7F6ED1A2045AC5D0038F48F /* models */ = {
			isa = PBXGroup;
			children = (
			);
			path = models;
			sourceTree = "<group>";
		};
		C7F6ED232045AC5D0038F48F /* audio */ = {
			isa = PBXGroup;
			children = (
				C73EE4462069C348003CD8EC /* cw_amen12_137.wav */,
				C73EE4472069C348003CD8EC /* drone.wav */,
				C73EE4482069C349003CD8EC /* Helicopter.wav */,
				C73EE4422069AF4B003CD8EC /* Horse.wav */,
				C7F6ED242045AC5D0038F48F /* Boing.wav */,
				C7F6ED252045AC5D0038F48F /* DST-Garote.mp3 */,
			);
			path = audio;
			sourceTree = "<group>";
		};
		C7F6ED262045AC5D0038F48F /* shaders */ = {
			isa = PBXGroup;
			children = (
				C71466142046D694008BBBAA /* fontShader.frag */,
				C71466132046D694008BBBAA /* fontShader.vert */,
				C705B0722045FD9D00F0E13D /* SkyBoxShader.frag */,
				C705B0732045FD9D00F0E13D /* SkyBoxShader.vert */,
				C7F6ED282045AC5D0038F48F /* mainShader.frag */,
				C7F6ED292045AC5D0038F48F /* mainShader.vert */,
				C7F6ED272045AC5D0038F48F /* textShader.frag */,
				C7F6ED2A2045AC5D0038F48F /* textShader.vert */,
			);
			path = shaders;
			sourceTree = "<group>";
		};
		C7F6ED2B2045AC5D0038F48F /* skyboxes */ = {
			isa = PBXGroup;
			children = (
				C705B07620460E1700F0E13D /* darkland */,
			);
			path = skyboxes;
			sourceTree = "<group>";
		};
		C7F6ED3A2045AC5D0038F48F /* fonts */ = {
			isa = PBXGroup;
			children = (
				C71466112046BC6E008BBBAA /* Candy Script.ttf */,
				C705B09220462E5000F0E13D /* Arial.ttf */,
			);
			path = fonts;
			sourceTree = "<group>";
		};
/* End PBXGroup section */

/* Begin PBXNativeTarget section */
		C77CCE582045A03800F3C942 /* OpenGL_DSP */ = {
			isa = PBXNativeTarget;
			buildConfigurationList = C77CCE602045A03800F3C942 /* Build configuration list for PBXNativeTarget "OpenGL_DSP" */;
			buildPhases = (
				C77CCE552045A03800F3C942 /* Sources */,
				C77CCE562045A03800F3C942 /* Frameworks */,
				C77CCE572045A03800F3C942 /* CopyFiles */,
				C71D16852045C70F002E2A43 /* Resources */,
			);
			buildRules = (
			);
			dependencies = (
			);
			name = OpenGL_DSP;
			productName = OpenGL_DSP;
			productReference = C77CCE592045A03800F3C942 /* OpenGL_DSP */;
			productType = "com.apple.product-type.tool";
		};
/* End PBXNativeTarget section */

/* Begin PBXProject section */
		C77CCE512045A03800F3C942 /* Project object */ = {
			isa = PBXProject;
			attributes = {
				LastUpgradeCheck = 0920;
				ORGANIZATIONNAME = "Geo Games";
				TargetAttributes = {
					C77CCE582045A03800F3C942 = {
						CreatedOnToolsVersion = 9.2;
						ProvisioningStyle = Automatic;
					};
				};
			};
			buildConfigurationList = C77CCE542045A03800F3C942 /* Build configuration list for PBXProject "OpenGL_DSP" */;
			compatibilityVersion = "Xcode 8.0";
			developmentRegion = en;
			hasScannedForEncodings = 0;
			knownRegions = (
				en,
			);
			mainGroup = C77CCE502045A03800F3C942;
			productRefGroup = C77CCE5A2045A03800F3C942 /* Products */;
			projectDirPath = "";
			projectRoot = "";
			targets = (
				C77CCE582045A03800F3C942 /* OpenGL_DSP */,
			);
		};
/* End PBXProject section */

/* Begin PBXResourcesBuildPhase section */
		C71D16852045C70F002E2A43 /* Resources */ = {
			isa = PBXResourcesBuildPhase;
			buildActionMask = 2147483647;
			files = (
				C71466122046BC6E008BBBAA /* Candy Script.ttf in Resources */,
				C705B08720460E1700F0E13D /* _bk.jpg in Resources */,
				C705B08420460E1700F0E13D /* _ft.jpg in Resources */,
				C705B09320462E5000F0E13D /* Arial.ttf in Resources */,
				C705B08F20460E1700F0E13D /* _up.jpg in Resources */,
				C73EE4442069AF4C003CD8EC /* Horse.wav in Resources */,
				C71466162046D694008BBBAA /* fontShader.frag in Resources */,
				C73EE4492069C349003CD8EC /* cw_amen12_137.wav in Resources */,
				C705B0742045FD9D00F0E13D /* SkyBoxShader.frag in Resources */,
				C705B08A20460E1700F0E13D /* _rt.jpg in Resources */,
				C73EE44A2069C349003CD8EC /* drone.wav in Resources */,
				C705B08820460E1700F0E13D /* _ft.jpg in Resources */,
				C705B08620460E1700F0E13D /* _rt.jpg in Resources */,
				C705B08D20460E1700F0E13D /* _up.jpg in Resources */,
				C705B0752045FD9D00F0E13D /* SkyBoxShader.vert in Resources */,
				C705B08520460E1700F0E13D /* _dn.jpg in Resources */,
				C705B08B20460E1700F0E13D /* _bk.jpg in Resources */,
				C705B08E20460E1700F0E13D /* _lf.jpg in Resources */,
				C705B08920460E1700F0E13D /* _dn.jpg in Resources */,
				C705B08C20460E1700F0E13D /* _lf.jpg in Resources */,
				C71466152046D694008BBBAA /* fontShader.vert in Resources */,
				C73EE44B2069C349003CD8EC /* Helicopter.wav in Resources */,
			);
			runOnlyForDeploymentPostprocessing = 0;
		};
/* End PBXResourcesBuildPhase section */

/* Begin PBXSourcesBuildPhase section */
		C77CCE552045A03800F3C942 /* Sources */ = {
			isa = PBXSourcesBuildPhase;
			buildActionMask = 2147483647;
			files = (
				C71D16882045C9BF002E2A43 /* HighResolutionTimer.cpp in Sources */,
				C7F6ED422045AC5E0038F48F /* Plane.cpp in Sources */,
				C7F6ED412045AC5E0038F48F /* Texture.cpp in Sources */,
				C7F6ED4A2045AC5E0038F48F /* Camera.cpp in Sources */,
				C7F6ED3F2045AC5E0038F48F /* Shaders.cpp in Sources */,
				C7F6ED442045AC5E0038F48F /* Skybox.cpp in Sources */,
				C77A66C820837DB0003D3BE2 /* CircularBuffer.cpp in Sources */,
				C7F6ED452045AC5E0038F48F /* Cubemap.cpp in Sources */,
				C71D16892045CE48002E2A43 /* GameWindow.cpp in Sources */,
				C73BC400208AAF8E00DE5457 /* FIRConvolutionDSP.cpp in Sources */,
				C705B091204622CD00F0E13D /* Transform.cpp in Sources */,
				C7F6ED4D2045AC5E0038F48F /* Sphere.cpp in Sources */,
				C73BC3F8208A99DD00DE5457 /* FilterDSP.cpp in Sources */,
				C71D168A2045CE9E002E2A43 /* Game.cpp in Sources */,
				C73BC3FD208A9AF000DE5457 /* DSPHelper.h in Sources */,
				C73BC3F5208A992500DE5457 /* OscillatorDSP.cpp in Sources */,
				C77367862045A7A700230B98 /* Common.h in Sources */,
				C7F6ED462045AC5E0038F48F /* VertexBufferObject.cpp in Sources */,
				C7F6ED432045AC5E0038F48F /* FreeTypeFont.cpp in Sources */,
				C7F6ED402045AC5E0038F48F /* OpenAssetImportMesh.cpp in Sources */,
				C7F6ED472045AC5E0038F48F /* VertexBufferObjectIndexed.cpp in Sources */,
				C77CCE5D2045A03800F3C942 /* main.cpp in Sources */,
				C71D168D2045EBAC002E2A43 /* GameManager.cpp in Sources */,
				C73BC3FB208A9A0A00DE5457 /* OcclusionDSP.cpp in Sources */,
			);
			runOnlyForDeploymentPostprocessing = 0;
		};
/* End PBXSourcesBuildPhase section */

/* Begin XCBuildConfiguration section */
		C77CCE5E2045A03800F3C942 /* Debug */ = {
			isa = XCBuildConfiguration;
			buildSettings = {
				ALWAYS_SEARCH_USER_PATHS = NO;
				CLANG_ANALYZER_NONNULL = YES;
				CLANG_ANALYZER_NUMBER_OBJECT_CONVERSION = YES_AGGRESSIVE;
				CLANG_CXX_LANGUAGE_STANDARD = "gnu++14";
				CLANG_CXX_LIBRARY = "libc++";
				CLANG_ENABLE_MODULES = YES;
				CLANG_ENABLE_OBJC_ARC = YES;
				CLANG_WARN_BLOCK_CAPTURE_AUTORELEASING = YES;
				CLANG_WARN_BOOL_CONVERSION = YES;
				CLANG_WARN_COMMA = YES;
				CLANG_WARN_CONSTANT_CONVERSION = YES;
				CLANG_WARN_DIRECT_OBJC_ISA_USAGE = YES_ERROR;
				CLANG_WARN_DOCUMENTATION_COMMENTS = YES;
				CLANG_WARN_EMPTY_BODY = YES;
				CLANG_WARN_ENUM_CONVERSION = YES;
				CLANG_WARN_INFINITE_RECURSION = YES;
				CLANG_WARN_INT_CONVERSION = YES;
				CLANG_WARN_NON_LITERAL_NULL_CONVERSION = YES;
				CLANG_WARN_OBJC_LITERAL_CONVERSION = YES;
				CLANG_WARN_OBJC_ROOT_CLASS = YES_ERROR;
				CLANG_WARN_RANGE_LOOP_ANALYSIS = YES;
				CLANG_WARN_STRICT_PROTOTYPES = YES;
				CLANG_WARN_SUSPICIOUS_MOVE = YES;
				CLANG_WARN_UNGUARDED_AVAILABILITY = YES_AGGRESSIVE;
				CLANG_WARN_UNREACHABLE_CODE = YES;
				CLANG_WARN__DUPLICATE_METHOD_MATCH = YES;
				CODE_SIGN_IDENTITY = "-";
				COPY_PHASE_STRIP = NO;
				DEBUG_INFORMATION_FORMAT = dwarf;
				ENABLE_STRICT_OBJC_MSGSEND = YES;
				ENABLE_TESTABILITY = YES;
				GCC_C_LANGUAGE_STANDARD = gnu11;
				GCC_DYNAMIC_NO_PIC = NO;
				GCC_NO_COMMON_BLOCKS = YES;
				GCC_OPTIMIZATION_LEVEL = 0;
				GCC_PREPROCESSOR_DEFINITIONS = (
					"DEBUG=1",
					"$(inherited)",
				);
				GCC_WARN_64_TO_32_BIT_CONVERSION = YES;
				GCC_WARN_ABOUT_RETURN_TYPE = YES_ERROR;
				GCC_WARN_UNDECLARED_SELECTOR = YES;
				GCC_WARN_UNINITIALIZED_AUTOS = YES_AGGRESSIVE;
				GCC_WARN_UNUSED_FUNCTION = YES;
				GCC_WARN_UNUSED_VARIABLE = YES;
				MACOSX_DEPLOYMENT_TARGET = 10.13;
				MTL_ENABLE_DEBUG_INFO = YES;
				ONLY_ACTIVE_ARCH = YES;
				SDKROOT = macosx;
			};
			name = Debug;
		};
		C77CCE5F2045A03800F3C942 /* Release */ = {
			isa = XCBuildConfiguration;
			buildSettings = {
				ALWAYS_SEARCH_USER_PATHS = NO;
				CLANG_ANALYZER_NONNULL = YES;
				CLANG_ANALYZER_NUMBER_OBJECT_CONVERSION = YES_AGGRESSIVE;
				CLANG_CXX_LANGUAGE_STANDARD = "gnu++14";
				CLANG_CXX_LIBRARY = "libc++";
				CLANG_ENABLE_MODULES = YES;
				CLANG_ENABLE_OBJC_ARC = YES;
				CLANG_WARN_BLOCK_CAPTURE_AUTORELEASING = YES;
				CLANG_WARN_BOOL_CONVERSION = YES;
				CLANG_WARN_COMMA = YES;
				CLANG_WARN_CONSTANT_CONVERSION = YES;
				CLANG_WARN_DIRECT_OBJC_ISA_USAGE = YES_ERROR;
				CLANG_WARN_DOCUMENTATION_COMMENTS = YES;
				CLANG_WARN_EMPTY_BODY = YES;
				CLANG_WARN_ENUM_CONVERSION = YES;
				CLANG_WARN_INFINITE_RECURSION = YES;
				CLANG_WARN_INT_CONVERSION = YES;
				CLANG_WARN_NON_LITERAL_NULL_CONVERSION = YES;
				CLANG_WARN_OBJC_LITERAL_CONVERSION = YES;
				CLANG_WARN_OBJC_ROOT_CLASS = YES_ERROR;
				CLANG_WARN_RANGE_LOOP_ANALYSIS = YES;
				CLANG_WARN_STRICT_PROTOTYPES = YES;
				CLANG_WARN_SUSPICIOUS_MOVE = YES;
				CLANG_WARN_UNGUARDED_AVAILABILITY = YES_AGGRESSIVE;
				CLANG_WARN_UNREACHABLE_CODE = YES;
				CLANG_WARN__DUPLICATE_METHOD_MATCH = YES;
				CODE_SIGN_IDENTITY = "-";
				COPY_PHASE_STRIP = NO;
				DEBUG_INFORMATION_FORMAT = "dwarf-with-dsym";
				ENABLE_NS_ASSERTIONS = NO;
				ENABLE_STRICT_OBJC_MSGSEND = YES;
				GCC_C_LANGUAGE_STANDARD = gnu11;
				GCC_NO_COMMON_BLOCKS = YES;
				GCC_WARN_64_TO_32_BIT_CONVERSION = YES;
				GCC_WARN_ABOUT_RETURN_TYPE = YES_ERROR;
				GCC_WARN_UNDECLARED_SELECTOR = YES;
				GCC_WARN_UNINITIALIZED_AUTOS = YES_AGGRESSIVE;
				GCC_WARN_UNUSED_FUNCTION = YES;
				GCC_WARN_UNUSED_VARIABLE = YES;
				MACOSX_DEPLOYMENT_TARGET = 10.13;
				MTL_ENABLE_DEBUG_INFO = NO;
				SDKROOT = macosx;
			};
			name = Release;
		};
		C77CCE612045A03800F3C942 /* Debug */ = {
			isa = XCBuildConfiguration;
			buildSettings = {
				CODE_SIGN_STYLE = Automatic;
				HEADER_SEARCH_PATHS = (
					Includes,
					Includes/FMOD,
					Includes/freetype2,
				);
				LIBRARY_SEARCH_PATHS = (
					"$(inherited)",
					"$(PROJECT_DIR)/Libraries",
					/Libraries,
				);
				ONLY_ACTIVE_ARCH = YES;
				PRODUCT_NAME = "$(TARGET_NAME)";
			};
			name = Debug;
		};
		C77CCE622045A03800F3C942 /* Release */ = {
			isa = XCBuildConfiguration;
			buildSettings = {
				CODE_SIGN_STYLE = Automatic;
				HEADER_SEARCH_PATHS = (
					Includes,
					Includes/FMOD,
					Includes/freetype2,
				);
				LIBRARY_SEARCH_PATHS = (
					"$(inherited)",
					"$(PROJECT_DIR)/Libraries",
					/Libraries,
				);
				ONLY_ACTIVE_ARCH = YES;
				PRODUCT_NAME = "$(TARGET_NAME)";
			};
			name = Release;
		};
/* End XCBuildConfiguration section */

/* Begin XCConfigurationList section */
		C77CCE542045A03800F3C942 /* Build configuration list for PBXProject "OpenGL_DSP" */ = {
			isa = XCConfigurationList;
			buildConfigurations = (
				C77CCE5E2045A03800F3C942 /* Debug */,
				C77CCE5F2045A03800F3C942 /* Release */,
			);
			defaultConfigurationIsVisible = 0;
			defaultConfigurationName = Release;
		};
		C77CCE602045A03800F3C942 /* Build configuration list for PBXNativeTarget "OpenGL_DSP" */ = {
			isa = XCConfigurationList;
			buildConfigurations = (
				C77CCE612045A03800F3C942 /* Debug */,
				C77CCE622045A03800F3C942 /* Release */,
			);
			defaultConfigurationIsVisible = 0;
			defaultConfigurationName = Release;
		};
/* End XCConfigurationList section */
	};
	rootObject = C77CCE512045A03800F3C942 /* Project object */;
}
